
Microsoft Visual Studio Solution File, Format Version 12.00
# Visual Studio 15
VisualStudioVersion = 15.0.28307.960
MinimumVisualStudioVersion = 10.0.40219.1
Project("{FAE04EC0-301F-11D3-BF4B-00C04F79EFBC}") = "Generos_1", "Generos_1\Generos_1.csproj", "{DB5D3EB7-886D-4C9C-B0DF-7919391B781B}"
EndProject
Project("{FAE04EC0-301F-11D3-BF4B-00C04F79EFBC}") = "Generos_1.EE", "Generos_1.EE\Generos_1.EE.csproj", "{296410BD-AA5C-4547-8DA9-41CBE9213D4C}"
EndProject
Project("{FAE04EC0-301F-11D3-BF4B-00C04F79EFBC}") = "Generos_1.Interfaces", "Generos_1.Interfaces\Generos_1.Interfaces.csproj", "{20630E1C-AC44-4AA5-BEA4-1C48B92381E1}"
EndProject
Project("{FAE04EC0-301F-11D3-BF4B-00C04F79EFBC}") = "Generos_1.Factory", "Generos_1.Factory\Generos_1.Factory.csproj", "{95EE4EC6-4928-4D7D-9154-53FFC5D3F6BE}"
EndProject
Project("{FAE04EC0-301F-11D3-BF4B-00C04F79EFBC}") = "Generos_1.DAO", "Generos_1.DAO\Generos_1.DAO.csproj", "{9F4C4FAF-E3CA-4096-8609-14417BE450F5}"
EndProject
Project("{FAE04EC0-301F-11D3-BF4B-00C04F79EFBC}") = "Generos_1.BLL", "Generos_1.BLL\Generos_1.BLL.csproj", "{DE83473B-0C3A-439C-A338-55D2022799E1}"
EndProject
Global
	GlobalSection(SolutionConfigurationPlatforms) = preSolution
		Debug|Any CPU = Debug|Any CPU
		Release|Any CPU = Release|Any CPU
	EndGlobalSection
	GlobalSection(ProjectConfigurationPlatforms) = postSolution
		{DB5D3EB7-886D-4C9C-B0DF-7919391B781B}.Debug|Any CPU.ActiveCfg = Debug|Any CPU
		{DB5D3EB7-886D-4C9C-B0DF-7919391B781B}.Debug|Any CPU.Build.0 = Debug|Any CPU
		{DB5D3EB7-886D-4C9C-B0DF-7919391B781B}.Release|Any CPU.ActiveCfg = Release|Any CPU
		{DB5D3EB7-886D-4C9C-B0DF-7919391B781B}.Release|Any CPU.Build.0 = Release|Any CPU
		{296410BD-AA5C-4547-8DA9-41CBE9213D4C}.Debug|Any CPU.ActiveCfg = Debug|Any CPU
		{296410BD-AA5C-4547-8DA9-41CBE9213D4C}.Debug|Any CPU.Build.0 = Debug|Any CPU
		{296410BD-AA5C-4547-8DA9-41CBE9213D4C}.Release|Any CPU.ActiveCfg = Release|Any CPU
		{296410BD-AA5C-4547-8DA9-41CBE9213D4C}.Release|Any CPU.Build.0 = Release|Any CPU
		{20630E1C-AC44-4AA5-BEA4-1C48B92381E1}.Debug|Any CPU.ActiveCfg = Debug|Any CPU
		{20630E1C-AC44-4AA5-BEA4-1C48B92381E1}.Debug|Any CPU.Build.0 = Debug|Any CPU
		{20630E1C-AC44-4AA5-BEA4-1C48B92381E1}.Release|Any CPU.ActiveCfg = Release|Any CPU
		{20630E1C-AC44-4AA5-BEA4-1C48B92381E1}.Release|Any CPU.Build.0 = Release|Any CPU
		{95EE4EC6-4928-4D7D-9154-53FFC5D3F6BE}.Debug|Any CPU.ActiveCfg = Debug|Any CPU
		{95EE4EC6-4928-4D7D-9154-53FFC5D3F6BE}.Debug|Any CPU.Build.0 = Debug|Any CPU
		{95EE4EC6-4928-4D7D-9154-53FFC5D3F6BE}.Release|Any CPU.ActiveCfg = Release|Any CPU
		{95EE4EC6-4928-4D7D-9154-53FFC5D3F6BE}.Release|Any CPU.Build.0 = Release|Any CPU
		{9F4C4FAF-E3CA-4096-8609-14417BE450F5}.Debug|Any CPU.ActiveCfg = Debug|Any CPU
		{9F4C4FAF-E3CA-4096-8609-14417BE450F5}.Debug|Any CPU.Build.0 = Debug|Any CPU
		{9F4C4FAF-E3CA-4096-8609-14417BE450F5}.Release|Any CPU.ActiveCfg = Release|Any CPU
		{9F4C4FAF-E3CA-4096-8609-14417BE450F5}.Release|Any CPU.Build.0 = Release|Any CPU
		{DE83473B-0C3A-439C-A338-55D2022799E1}.Debug|Any CPU.ActiveCfg = Debug|Any CPU
		{DE83473B-0C3A-439C-A338-55D2022799E1}.Debug|Any CPU.Build.0 = Debug|Any CPU
		{DE83473B-0C3A-439C-A338-55D2022799E1}.Release|Any CPU.ActiveCfg = Release|Any CPU
		{DE83473B-0C3A-439C-A338-55D2022799E1}.Release|Any CPU.Build.0 = Release|Any CPU
	EndGlobalSection
	GlobalSection(SolutionProperties) = preSolution
		HideSolutionNode = FALSE
	EndGlobalSection
	GlobalSection(ExtensibilityGlobals) = postSolution
		SolutionGuid = {ABA813F8-44D2-4D7A-ACE9-0E6D860726F0}
	EndGlobalSection
EndGlobal
